{
  "name": "vj32_posluziteljski2",
  "version": "1.0.0",
  "lockfileVersion": 3,
  "requires": true,
  "packages": {
    "": {
      "name": "vj32_posluziteljski2",
      "version": "1.0.0",
      "license": "ISC",
      "dependencies": {
        "androvj31": "^1.0.0"
      }
    },
    "node_modules/androvj31": {
      "version": "1.0.0",
      "resolved": "https://registry.npmjs.org/androvj31/-/androvj31-1.0.0.tgz",
      "integrity": "sha512-HLQLhKLURoUWJowCdh9LIOv/805DrzbFU9Epthq0zauIcK7x0tiKuY9kHy0Ck5+FXj3hMnvja0HNNZsYSDCzdQ==",
      "license": "ISC",
      "dependencies": {
        "lodash": "^4.18.1"
      }
    },
    "node_modules/lodash": {
      "version": "4.18.1",
      "resolved": "https://registry.npmjs.org/lodash/-/lodash-4.18.1.tgz",
      "integrity": "sha512-dMInicTPVE8d1e5otfwmmjlxkZoUpiVLwyeTdUsi/Caj/gfzzblBcCE5sRHV/AsjuCmxWrte2TNGSYuCeCq+0Q==",
      "license": "MIT"
    }
  }
}
